
Microsoft Visual Studio Solution File, Format Version 12.00
# Visual Studio 15
VisualStudioVersion = 15.0.27130.2036
MinimumVisualStudioVersion = 10.0.40219.1
Project("{9A19103F-16F7-4668-BE54-9A1E7A4F7556}") = "HeartsTracker.Dal", "HeartsTracker.Dal\HeartsTracker.Dal.csproj", "{A3D3D25E-EFAA-4572-9727-6662E6CE27C2}"
EndProject
Project("{9A19103F-16F7-4668-BE54-9A1E7A4F7556}") = "HeartsTracker.Api", "HeartsTracker.Api\HeartsTracker.Api.csproj", "{0946142C-B001-411E-A780-27A2DDE05FBC}"
EndProject
Global
	GlobalSection(SolutionConfigurationPlatforms) = preSolution
		Debug|Any CPU = Debug|Any CPU
		Release|Any CPU = Release|Any CPU
	EndGlobalSection
	GlobalSection(ProjectConfigurationPlatforms) = postSolution
		{A3D3D25E-EFAA-4572-9727-6662E6CE27C2}.Debug|Any CPU.ActiveCfg = Debug|Any CPU
		{A3D3D25E-EFAA-4572-9727-6662E6CE27C2}.Debug|Any CPU.Build.0 = Debug|Any CPU
		{A3D3D25E-EFAA-4572-9727-6662E6CE27C2}.Release|Any CPU.ActiveCfg = Release|Any CPU
		{A3D3D25E-EFAA-4572-9727-6662E6CE27C2}.Release|Any CPU.Build.0 = Release|Any CPU
		{0946142C-B001-411E-A780-27A2DDE05FBC}.Debug|Any CPU.ActiveCfg = Debug|Any CPU
		{0946142C-B001-411E-A780-27A2DDE05FBC}.Debug|Any CPU.Build.0 = Debug|Any CPU
		{0946142C-B001-411E-A780-27A2DDE05FBC}.Release|Any CPU.ActiveCfg = Release|Any CPU
		{0946142C-B001-411E-A780-27A2DDE05FBC}.Release|Any CPU.Build.0 = Release|Any CPU
	EndGlobalSection
	GlobalSection(SolutionProperties) = preSolution
		HideSolutionNode = FALSE
	EndGlobalSection
	GlobalSection(ExtensibilityGlobals) = postSolution
		SolutionGuid = {7D35EEDA-7638-455F-B6D3-8D369D732484}
	EndGlobalSection
EndGlobal
